// !$*UTF8*$!
{
	archiveVersion = 1;
	classes = {
	};
	objectVersion = 48;
	objects = {

/* Begin PBXBuildFile section */
		2200EF6520BD9279009504A8 /* Item.swift in Sources */ = {isa = PBXBuildFile; fileRef = 2200EF6420BD9279009504A8 /* Item.swift */; };
		2200EF6720BD9283009504A8 /* Category.swift in Sources */ = {isa = PBXBuildFile; fileRef = 2200EF6620BD9283009504A8 /* Category.swift */; };
		22021F5520C05651003BF08D /* SwipeTableViewController.swift in Sources */ = {isa = PBXBuildFile; fileRef = 22021F5420C05651003BF08D /* SwipeTableViewController.swift */; };
		223D73A12098BDD300E9A9E3 /* AppDelegate.swift in Sources */ = {isa = PBXBuildFile; fileRef = 223D73A02098BDD300E9A9E3 /* AppDelegate.swift */; };
		223D73A32098BDD300E9A9E3 /* todoListViewController.swift in Sources */ = {isa = PBXBuildFile; fileRef = 223D73A22098BDD300E9A9E3 /* todoListViewController.swift */; };
		223D73A62098BDD300E9A9E3 /* Main.storyboard in Resources */ = {isa = PBXBuildFile; fileRef = 223D73A42098BDD300E9A9E3 /* Main.storyboard */; };
		223D73A82098BDD300E9A9E3 /* Assets.xcassets in Resources */ = {isa = PBXBuildFile; fileRef = 223D73A72098BDD300E9A9E3 /* Assets.xcassets */; };
		223D73AB2098BDD300E9A9E3 /* LaunchScreen.storyboard in Resources */ = {isa = PBXBuildFile; fileRef = 223D73A92098BDD300E9A9E3 /* LaunchScreen.storyboard */; };
		22B433AD20AB829D00F445B3 /* CategoryViewController.swift in Sources */ = {isa = PBXBuildFile; fileRef = 22B433AC20AB829D00F445B3 /* CategoryViewController.swift */; };
		75346323C6F01D72BD5A8096 /* Pods_Todoey.framework in Frameworks */ = {isa = PBXBuildFile; fileRef = E7C30DA4955EE22BD7C6D6E9 /* Pods_Todoey.framework */; };
/* End PBXBuildFile section */

/* Begin PBXFileReference section */
		137287AC8D2EA5AEDCD87F8A /* Pods-Todoey.debug.xcconfig */ = {isa = PBXFileReference; includeInIndex = 1; lastKnownFileType = text.xcconfig; name = "Pods-Todoey.debug.xcconfig"; path = "Pods/Target Support Files/Pods-Todoey/Pods-Todoey.debug.xcconfig"; sourceTree = "<group>"; };
		2200EF6420BD9279009504A8 /* Item.swift */ = {isa = PBXFileReference; lastKnownFileType = sourcecode.swift; path = Item.swift; sourceTree = "<group>"; };
		2200EF6620BD9283009504A8 /* Category.swift */ = {isa = PBXFileReference; lastKnownFileType = sourcecode.swift; path = Category.swift; sourceTree = "<group>"; };
		22021F5420C05651003BF08D /* SwipeTableViewController.swift */ = {isa = PBXFileReference; lastKnownFileType = sourcecode.swift; path = SwipeTableViewController.swift; sourceTree = "<group>"; };
		223D739D2098BDD300E9A9E3 /* Todoey.app */ = {isa = PBXFileReference; explicitFileType = wrapper.application; includeInIndex = 0; path = Todoey.app; sourceTree = BUILT_PRODUCTS_DIR; };
		223D73A02098BDD300E9A9E3 /* AppDelegate.swift */ = {isa = PBXFileReference; lastKnownFileType = sourcecode.swift; path = AppDelegate.swift; sourceTree = "<group>"; };
		223D73A22098BDD300E9A9E3 /* todoListViewController.swift */ = {isa = PBXFileReference; lastKnownFileType = sourcecode.swift; path = todoListViewController.swift; sourceTree = "<group>"; };
		223D73A52098BDD300E9A9E3 /* Base */ = {isa = PBXFileReference; lastKnownFileType = file.storyboard; name = Base; path = Base.lproj/Main.storyboard; sourceTree = "<group>"; };
		223D73A72098BDD300E9A9E3 /* Assets.xcassets */ = {isa = PBXFileReference; lastKnownFileType = folder.assetcatalog; path = Assets.xcassets; sourceTree = "<group>"; };
		223D73AA2098BDD300E9A9E3 /* Base */ = {isa = PBXFileReference; lastKnownFileType = file.storyboard; name = Base; path = Base.lproj/LaunchScreen.storyboard; sourceTree = "<group>"; };
		223D73AC2098BDD300E9A9E3 /* Info.plist */ = {isa = PBXFileReference; lastKnownFileType = text.plist.xml; path = Info.plist; sourceTree = "<group>"; };
		22B433AC20AB829D00F445B3 /* CategoryViewController.swift */ = {isa = PBXFileReference; lastKnownFileType = sourcecode.swift; path = CategoryViewController.swift; sourceTree = "<group>"; };
		9A32E43DEE751DF977BEEDC4 /* Pods-Todoey.release.xcconfig */ = {isa = PBXFileReference; includeInIndex = 1; lastKnownFileType = text.xcconfig; name = "Pods-Todoey.release.xcconfig"; path = "Pods/Target Support Files/Pods-Todoey/Pods-Todoey.release.xcconfig"; sourceTree = "<group>"; };
		E7C30DA4955EE22BD7C6D6E9 /* Pods_Todoey.framework */ = {isa = PBXFileReference; explicitFileType = wrapper.framework; includeInIndex = 0; path = Pods_Todoey.framework; sourceTree = BUILT_PRODUCTS_DIR; };
/* End PBXFileReference section */

/* Begin PBXFrameworksBuildPhase section */
		223D739A2098BDD300E9A9E3 /* Frameworks */ = {
			isa = PBXFrameworksBuildPhase;
			buildActionMask = 2147483647;
			files = (
				75346323C6F01D72BD5A8096 /* Pods_Todoey.framework in Frameworks */,
			);
			runOnlyForDeploymentPostprocessing = 0;
		};
/* End PBXFrameworksBuildPhase section */

/* Begin PBXGroup section */
		14BC5AC6EC036A6344F29019 /* Frameworks */ = {
			isa = PBXGroup;
			children = (
				E7C30DA4955EE22BD7C6D6E9 /* Pods_Todoey.framework */,
			);
			name = Frameworks;
			sourceTree = "<group>";
		};
		223D73942098BDD300E9A9E3 = {
			isa = PBXGroup;
			children = (
				223D739F2098BDD300E9A9E3 /* Todoey */,
				223D739E2098BDD300E9A9E3 /* Products */,
				A9E46F09D222E187C654F8D1 /* Pods */,
				14BC5AC6EC036A6344F29019 /* Frameworks */,
			);
			sourceTree = "<group>";
		};
		223D739E2098BDD300E9A9E3 /* Products */ = {
			isa = PBXGroup;
			children = (
				223D739D2098BDD300E9A9E3 /* Todoey.app */,
			);
			name = Products;
			sourceTree = "<group>";
		};
		223D739F2098BDD300E9A9E3 /* Todoey */ = {
			isa = PBXGroup;
			children = (
				223D73A02098BDD300E9A9E3 /* AppDelegate.swift */,
				22C994C520A0DC94006E2308 /* Controllers */,
				22C994C420A0DC65006E2308 /* Data Model */,
				22C994C620A0DCB5006E2308 /* Views */,
				22C994C720A0DCD3006E2308 /* Supporting Files */,
				223D73AC2098BDD300E9A9E3 /* Info.plist */,
			);
			path = Todoey;
			sourceTree = "<group>";
		};
		22C994C420A0DC65006E2308 /* Data Model */ = {
			isa = PBXGroup;
			children = (
				2200EF6620BD9283009504A8 /* Category.swift */,
				2200EF6420BD9279009504A8 /* Item.swift */,
			);
			path = "Data Model";
			sourceTree = "<group>";
		};
		22C994C520A0DC94006E2308 /* Controllers */ = {
			isa = PBXGroup;
			children = (
				22B433AC20AB829D00F445B3 /* CategoryViewController.swift */,
				223D73A22098BDD300E9A9E3 /* todoListViewController.swift */,
				22021F5420C05651003BF08D /* SwipeTableViewController.swift */,
			);
			path = Controllers;
			sourceTree = "<group>";
		};
		22C994C620A0DCB5006E2308 /* Views */ = {
			isa = PBXGroup;
			children = (
				223D73A42098BDD300E9A9E3 /* Main.storyboard */,
			);
			path = Views;
			sourceTree = "<group>";
		};
		22C994C720A0DCD3006E2308 /* Supporting Files */ = {
			isa = PBXGroup;
			children = (
				223D73A72098BDD300E9A9E3 /* Assets.xcassets */,
				223D73A92098BDD300E9A9E3 /* LaunchScreen.storyboard */,
			);
			path = "Supporting Files";
			sourceTree = "<group>";
		};
		A9E46F09D222E187C654F8D1 /* Pods */ = {
			isa = PBXGroup;
			children = (
				137287AC8D2EA5AEDCD87F8A /* Pods-Todoey.debug.xcconfig */,
				9A32E43DEE751DF977BEEDC4 /* Pods-Todoey.release.xcconfig */,
			);
			name = Pods;
			sourceTree = "<group>";
		};
/* End PBXGroup section */

/* Begin PBXNativeTarget section */
		223D739C2098BDD300E9A9E3 /* Todoey */ = {
			isa = PBXNativeTarget;
			buildConfigurationList = 223D73AF2098BDD300E9A9E3 /* Build configuration list for PBXNativeTarget "Todoey" */;
			buildPhases = (
				22D85BE54C60EA581E79D278 /* [CP] Check Pods Manifest.lock */,
				223D73992098BDD300E9A9E3 /* Sources */,
				223D739A2098BDD300E9A9E3 /* Frameworks */,
				223D739B2098BDD300E9A9E3 /* Resources */,
				730461B9C90B1130D3660046 /* [CP] Embed Pods Frameworks */,
				DE6CE8B8865449A718B303F5 /* [CP] Copy Pods Resources */,
			);
			buildRules = (
			);
			dependencies = (
			);
			name = Todoey;
			productName = Todoey;
			productReference = 223D739D2098BDD300E9A9E3 /* Todoey.app */;
			productType = "com.apple.product-type.application";
		};
/* End PBXNativeTarget section */

/* Begin PBXProject section */
		223D73952098BDD300E9A9E3 /* Project object */ = {
			isa = PBXProject;
			attributes = {
				LastSwiftUpdateCheck = 0920;
				LastUpgradeCheck = 0940;
				ORGANIZATIONNAME = "Jeremiah Ufot";
				TargetAttributes = {
					223D739C2098BDD300E9A9E3 = {
						CreatedOnToolsVersion = 9.2;
						ProvisioningStyle = Automatic;
					};
				};
			};
			buildConfigurationList = 223D73982098BDD300E9A9E3 /* Build configuration list for PBXProject "Todoey" */;
			compatibilityVersion = "Xcode 8.0";
			developmentRegion = en;
			hasScannedForEncodings = 0;
			knownRegions = (
				en,
				Base,
			);
			mainGroup = 223D73942098BDD300E9A9E3;
			productRefGroup = 223D739E2098BDD300E9A9E3 /* Products */;
			projectDirPath = "";
			projectRoot = "";
			targets = (
				223D739C2098BDD300E9A9E3 /* Todoey */,
			);
		};
/* End PBXProject section */

/* Begin PBXResourcesBuildPhase section */
		223D739B2098BDD300E9A9E3 /* Resources */ = {
			isa = PBXResourcesBuildPhase;
			buildActionMask = 2147483647;
			files = (
				223D73AB2098BDD300E9A9E3 /* LaunchScreen.storyboard in Resources */,
				223D73A82098BDD300E9A9E3 /* Assets.xcassets in Resources */,
				223D73A62098BDD300E9A9E3 /* Main.storyboard in Resources */,
			);
			runOnlyForDeploymentPostprocessing = 0;
		};
/* End PBXResourcesBuildPhase section */

/* Begin PBXShellScriptBuildPhase section */
		22D85BE54C60EA581E79D278 /* [CP] Check Pods Manifest.lock */ = {
			isa = PBXShellScriptBuildPhase;
			buildActionMask = 2147483647;
			files = (
			);
			inputPaths = (
				"${PODS_PODFILE_DIR_PATH}/Podfile.lock",
				"${PODS_ROOT}/Manifest.lock",
			);
			name = "[CP] Check Pods Manifest.lock";
			outputPaths = (
				"$(DERIVED_FILE_DIR)/Pods-Todoey-checkManifestLockResult.txt",
			);
			runOnlyForDeploymentPostprocessing = 0;
			shellPath = /bin/sh;
			shellScript = "diff \"${PODS_PODFILE_DIR_PATH}/Podfile.lock\" \"${PODS_ROOT}/Manifest.lock\" > /dev/null\nif [ $? != 0 ] ; then\n    # print error to STDERR\n    echo \"error: The sandbox is not in sync with the Podfile.lock. Run 'pod install' or update your CocoaPods installation.\" >&2\n    exit 1\nfi\n# This output is used by Xcode 'outputs' to avoid re-running this script phase.\necho \"SUCCESS\" > \"${SCRIPT_OUTPUT_FILE_0}\"\n";
			showEnvVarsInLog = 0;
		};
		730461B9C90B1130D3660046 /* [CP] Embed Pods Frameworks */ = {
			isa = PBXShellScriptBuildPhase;
			buildActionMask = 2147483647;
			files = (
			);
			inputPaths = (
				"${SRCROOT}/Pods/Target Support Files/Pods-Todoey/Pods-Todoey-frameworks.sh",
				"${BUILT_PRODUCTS_DIR}/ChameleonFramework/ChameleonFramework.framework",
				"${BUILT_PRODUCTS_DIR}/Realm/Realm.framework",
				"${BUILT_PRODUCTS_DIR}/RealmSwift/RealmSwift.framework",
				"${BUILT_PRODUCTS_DIR}/SwipeCellKit/SwipeCellKit.framework",
			);
			name = "[CP] Embed Pods Frameworks";
			outputPaths = (
				"${TARGET_BUILD_DIR}/${FRAMEWORKS_FOLDER_PATH}/ChameleonFramework.framework",
				"${TARGET_BUILD_DIR}/${FRAMEWORKS_FOLDER_PATH}/Realm.framework",
				"${TARGET_BUILD_DIR}/${FRAMEWORKS_FOLDER_PATH}/RealmSwift.framework",
				"${TARGET_BUILD_DIR}/${FRAMEWORKS_FOLDER_PATH}/SwipeCellKit.framework",
			);
			runOnlyForDeploymentPostprocessing = 0;
			shellPath = /bin/sh;
			shellScript = "\"${SRCROOT}/Pods/Target Support Files/Pods-Todoey/Pods-Todoey-frameworks.sh\"\n";
			showEnvVarsInLog = 0;
		};
		DE6CE8B8865449A718B303F5 /* [CP] Copy Pods Resources */ = {
			isa = PBXShellScriptBuildPhase;
			buildActionMask = 2147483647;
			files = (
			);
			inputPaths = (
			);
			name = "[CP] Copy Pods Resources";
			outputPaths = (
			);
			runOnlyForDeploymentPostprocessing = 0;
			shellPath = /bin/sh;
			shellScript = "\"${SRCROOT}/Pods/Target Support Files/Pods-Todoey/Pods-Todoey-resources.sh\"\n";
			showEnvVarsInLog = 0;
		};
/* End PBXShellScriptBuildPhase section */

/* Begin PBXSourcesBuildPhase section */
		223D73992098BDD300E9A9E3 /* Sources */ = {
			isa = PBXSourcesBuildPhase;
			buildActionMask = 2147483647;
			files = (
				2200EF6520BD9279009504A8 /* Item.swift in Sources */,
				22B433AD20AB829D00F445B3 /* CategoryViewController.swift in Sources */,
				223D73A32098BDD300E9A9E3 /* todoListViewController.swift in Sources */,
				223D73A12098BDD300E9A9E3 /* AppDelegate.swift in Sources */,
				22021F5520C05651003BF08D /* SwipeTableViewController.swift in Sources */,
				2200EF6720BD9283009504A8 /* Category.swift in Sources */,
			);
			runOnlyForDeploymentPostprocessing = 0;
		};
/* End PBXSourcesBuildPhase section */

/* Begin PBXVariantGroup section */
		223D73A42098BDD300E9A9E3 /* Main.storyboard */ = {
			isa = PBXVariantGroup;
			children = (
				223D73A52098BDD300E9A9E3 /* Base */,
			);
			name = Main.storyboard;
			sourceTree = "<group>";
		};
		223D73A92098BDD300E9A9E3 /* LaunchScreen.storyboard */ = {
			isa = PBXVariantGroup;
			children = (
				223D73AA2098BDD300E9A9E3 /* Base */,
			);
			name = LaunchScreen.storyboard;
			sourceTree = "<group>";
		};
/* End PBXVariantGroup section */

/* Begin XCBuildConfiguration section */
		223D73AD2098BDD300E9A9E3 /* Debug */ = {
			isa = XCBuildConfiguration;
			buildSettings = {
				ALWAYS_SEARCH_USER_PATHS = NO;
				CLANG_ANALYZER_NONNULL = YES;
				CLANG_ANALYZER_NUMBER_OBJECT_CONVERSION = YES_AGGRESSIVE;
				CLANG_CXX_LANGUAGE_STANDARD = "gnu++14";
				CLANG_CXX_LIBRARY = "libc++";
				CLANG_ENABLE_MODULES = YES;
				CLANG_ENABLE_OBJC_ARC = YES;
				CLANG_WARN_BLOCK_CAPTURE_AUTORELEASING = YES;
				CLANG_WARN_BOOL_CONVERSION = YES;
				CLANG_WARN_COMMA = YES;
				CLANG_WARN_CONSTANT_CONVERSION = YES;
				CLANG_WARN_DEPRECATED_OBJC_IMPLEMENTATIONS = YES;
				CLANG_WARN_DIRECT_OBJC_ISA_USAGE = YES_ERROR;
				CLANG_WARN_DOCUMENTATION_COMMENTS = YES;
				CLANG_WARN_EMPTY_BODY = YES;
				CLANG_WARN_ENUM_CONVERSION = YES;
				CLANG_WARN_INFINITE_RECURSION = YES;
				CLANG_WARN_INT_CONVERSION = YES;
				CLANG_WARN_NON_LITERAL_NULL_CONVERSION = YES;
				CLANG_WARN_OBJC_IMPLICIT_RETAIN_SELF = YES;
				CLANG_WARN_OBJC_LITERAL_CONVERSION = YES;
				CLANG_WARN_OBJC_ROOT_CLASS = YES_ERROR;
				CLANG_WARN_RANGE_LOOP_ANALYSIS = YES;
				CLANG_WARN_STRICT_PROTOTYPES = YES;
				CLANG_WARN_SUSPICIOUS_MOVE = YES;
				CLANG_WARN_UNGUARDED_AVAILABILITY = YES_AGGRESSIVE;
				CLANG_WARN_UNREACHABLE_CODE = YES;
				CLANG_WARN__DUPLICATE_METHOD_MATCH = YES;
				CODE_SIGN_IDENTITY = "iPhone Developer";
				COPY_PHASE_STRIP = NO;
				DEBUG_INFORMATION_FORMAT = dwarf;
				ENABLE_STRICT_OBJC_MSGSEND = YES;
				ENABLE_TESTABILITY = YES;
				GCC_C_LANGUAGE_STANDARD = gnu11;
				GCC_DYNAMIC_NO_PIC = NO;
				GCC_NO_COMMON_BLOCKS = YES;
				GCC_OPTIMIZATION_LEVEL = 0;
				GCC_PREPROCESSOR_DEFINITIONS = (
					"DEBUG=1",
					"$(inherited)",
				);
				GCC_WARN_64_TO_32_BIT_CONVERSION = YES;
				GCC_WARN_ABOUT_RETURN_TYPE = YES_ERROR;
				GCC_WARN_UNDECLARED_SELECTOR = YES;
				GCC_WARN_UNINITIALIZED_AUTOS = YES_AGGRESSIVE;
				GCC_WARN_UNUSED_FUNCTION = YES;
				GCC_WARN_UNUSED_VARIABLE = YES;
				IPHONEOS_DEPLOYMENT_TARGET = 11.2;
				MTL_ENABLE_DEBUG_INFO = YES;
				ONLY_ACTIVE_ARCH = YES;
				SDKROOT = iphoneos;
				SWIFT_ACTIVE_COMPILATION_CONDITIONS = DEBUG;
				SWIFT_OPTIMIZATION_LEVEL = "-Onone";
			};
			name = Debug;
		};
		223D73AE2098BDD300E9A9E3 /* Release */ = {
			isa = XCBuildConfiguration;
			buildSettings = {
				ALWAYS_SEARCH_USER_PATHS = NO;
				CLANG_ANALYZER_NONNULL = YES;
				CLANG_ANALYZER_NUMBER_OBJECT_CONVERSION = YES_AGGRESSIVE;
				CLANG_CXX_LANGUAGE_STANDARD = "gnu++14";
				CLANG_CXX_LIBRARY = "libc++";
				CLANG_ENABLE_MODULES = YES;
				CLANG_ENABLE_OBJC_ARC = YES;
				CLANG_WARN_BLOCK_CAPTURE_AUTORELEASING = YES;
				CLANG_WARN_BOOL_CONVERSION = YES;
				CLANG_WARN_COMMA = YES;
				CLANG_WARN_CONSTANT_CONVERSION = YES;
				CLANG_WARN_DEPRECATED_OBJC_IMPLEMENTATIONS = YES;
				CLANG_WARN_DIRECT_OBJC_ISA_USAGE = YES_ERROR;
				CLANG_WARN_DOCUMENTATION_COMMENTS = YES;
				CLANG_WARN_EMPTY_BODY = YES;
				CLANG_WARN_ENUM_CONVERSION = YES;
				CLANG_WARN_INFINITE_RECURSION = YES;
				CLANG_WARN_INT_CONVERSION = YES;
				CLANG_WARN_NON_LITERAL_NULL_CONVERSION = YES;
				CLANG_WARN_OBJC_IMPLICIT_RETAIN_SELF = YES;
				CLANG_WARN_OBJC_LITERAL_CONVERSION = YES;
				CLANG_WARN_OBJC_ROOT_CLASS = YES_ERROR;
				CLANG_WARN_RANGE_LOOP_ANALYSIS = YES;
				CLANG_WARN_STRICT_PROTOTYPES = YES;
				CLANG_WARN_SUSPICIOUS_MOVE = YES;
				CLANG_WARN_UNGUARDED_AVAILABILITY = YES_AGGRESSIVE;
				CLANG_WARN_UNREACHABLE_CODE = YES;
				CLANG_WARN__DUPLICATE_METHOD_MATCH = YES;
				CODE_SIGN_IDENTITY = "iPhone Developer";
				COPY_PHASE_STRIP = NO;
				DEBUG_INFORMATION_FORMAT = "dwarf-with-dsym";
				ENABLE_NS_ASSERTIONS = NO;
				ENABLE_STRICT_OBJC_MSGSEND = YES;
				GCC_C_LANGUAGE_STANDARD = gnu11;
				GCC_NO_COMMON_BLOCKS = YES;
				GCC_WARN_64_TO_32_BIT_CONVERSION = YES;
				GCC_WARN_ABOUT_RETURN_TYPE = YES_ERROR;
				GCC_WARN_UNDECLARED_SELECTOR = YES;
				GCC_WARN_UNINITIALIZED_AUTOS = YES_AGGRESSIVE;
				GCC_WARN_UNUSED_FUNCTION = YES;
				GCC_WARN_UNUSED_VARIABLE = YES;
				IPHONEOS_DEPLOYMENT_TARGET = 11.2;
				MTL_ENABLE_DEBUG_INFO = NO;
				SDKROOT = iphoneos;
				SWIFT_OPTIMIZATION_LEVEL = "-Owholemodule";
				VALIDATE_PRODUCT = YES;
			};
			name = Release;
		};
		223D73B02098BDD300E9A9E3 /* Debug */ = {
			isa = XCBuildConfiguration;
			baseConfigurationReference = 137287AC8D2EA5AEDCD87F8A /* Pods-Todoey.debug.xcconfig */;
			buildSettings = {
				ASSETCATALOG_COMPILER_APPICON_NAME = AppIcon;
				CODE_SIGN_STYLE = Automatic;
				INFOPLIST_FILE = Todoey/Info.plist;
				LD_RUNPATH_SEARCH_PATHS = "$(inherited) @executable_path/Frameworks";
				PRODUCT_BUNDLE_IDENTIFIER = com.jeremiahufot.Todoey;
				PRODUCT_NAME = "$(TARGET_NAME)";
				SWIFT_VERSION = 4.0;
				TARGETED_DEVICE_FAMILY = "1,2";
			};
			name = Debug;
		};
		223D73B12098BDD300E9A9E3 /* Release */ = {
			isa = XCBuildConfiguration;
			baseConfigurationReference = 9A32E43DEE751DF977BEEDC4 /* Pods-Todoey.release.xcconfig */;
			buildSettings = {
				ASSETCATALOG_COMPILER_APPICON_NAME = AppIcon;
				CODE_SIGN_STYLE = Automatic;
				INFOPLIST_FILE = Todoey/Info.plist;
				LD_RUNPATH_SEARCH_PATHS = "$(inherited) @executable_path/Frameworks";
				PRODUCT_BUNDLE_IDENTIFIER = com.jeremiahufot.Todoey;
				PRODUCT_NAME = "$(TARGET_NAME)";
				SWIFT_VERSION = 4.0;
				TARGETED_DEVICE_FAMILY = "1,2";
			};
			name = Release;
		};
/* End XCBuildConfiguration section */

/* Begin XCConfigurationList section */
		223D73982098BDD300E9A9E3 /* Build configuration list for PBXProject "Todoey" */ = {
			isa = XCConfigurationList;
			buildConfigurations = (
				223D73AD2098BDD300E9A9E3 /* Debug */,
				223D73AE2098BDD300E9A9E3 /* Release */,
			);
			defaultConfigurationIsVisible = 0;
			defaultConfigurationName = Release;
		};
		223D73AF2098BDD300E9A9E3 /* Build configuration list for PBXNativeTarget "Todoey" */ = {
			isa = XCConfigurationList;
			buildConfigurations = (
				223D73B02098BDD300E9A9E3 /* Debug */,
				223D73B12098BDD300E9A9E3 /* Release */,
			);
			defaultConfigurationIsVisible = 0;
			defaultConfigurationName = Release;
		};
/* End XCConfigurationList section */
	};
	rootObject = 223D73952098BDD300E9A9E3 /* Project object */;
}
